
Microsoft Visual Studio Solution File, Format Version 12.00
# Visual Studio Version 17
VisualStudioVersion = 17.1.32414.318
MinimumVisualStudioVersion = 10.0.40219.1
Project("{FAE04EC0-301F-11D3-BF4B-00C04F79EFBC}") = "Dapper.CRUD", "Dapper.CRUD\Dapper.CRUD.csproj", "{ED1CE9BA-A06A-4FE4-9A9C-09E6FB8AC7DB}"
EndProject
Global
	GlobalSection(SolutionConfigurationPlatforms) = preSolution
		Debug|Any CPU = Debug|Any CPU
		Release|Any CPU = Release|Any CPU
	EndGlobalSection
	GlobalSection(ProjectConfigurationPlatforms) = postSolution
		{ED1CE9BA-A06A-4FE4-9A9C-09E6FB8AC7DB}.Debug|Any CPU.ActiveCfg = Debug|Any CPU
		{ED1CE9BA-A06A-4FE4-9A9C-09E6FB8AC7DB}.Debug|Any CPU.Build.0 = Debug|Any CPU
		{ED1CE9BA-A06A-4FE4-9A9C-09E6FB8AC7DB}.Release|Any CPU.ActiveCfg = Release|Any CPU
		{ED1CE9BA-A06A-4FE4-9A9C-09E6FB8AC7DB}.Release|Any CPU.Build.0 = Release|Any CPU
	EndGlobalSection
	GlobalSection(SolutionProperties) = preSolution
		HideSolutionNode = FALSE
	EndGlobalSection
	GlobalSection(ExtensibilityGlobals) = postSolution
		SolutionGuid = {A7B523DC-DD79-4457-AC79-018F3DFABCC5}
	EndGlobalSection
EndGlobal
